
Microsoft Visual Studio Solution File, Format Version 12.00
# Visual Studio Version 17
VisualStudioVersion = 17.10.34916.146
MinimumVisualStudioVersion = 10.0.40219.1
Project("{FAE04EC0-301F-11D3-BF4B-00C04F79EFBC}") = "BookManagement", "BookManagement\BookManagement.csproj", "{92BEF50F-70FC-4B46-A824-979FCE24F2A6}"
EndProject
Global
	GlobalSection(SolutionConfigurationPlatforms) = preSolution
		Debug|Any CPU = Debug|Any CPU
		Release|Any CPU = Release|Any CPU
	EndGlobalSection
	GlobalSection(ProjectConfigurationPlatforms) = postSolution
		{92BEF50F-70FC-4B46-A824-979FCE24F2A6}.Debug|Any CPU.ActiveCfg = Debug|Any CPU
		{92BEF50F-70FC-4B46-A824-979FCE24F2A6}.Debug|Any CPU.Build.0 = Debug|Any CPU
		{92BEF50F-70FC-4B46-A824-979FCE24F2A6}.Release|Any CPU.ActiveCfg = Release|Any CPU
		{92BEF50F-70FC-4B46-A824-979FCE24F2A6}.Release|Any CPU.Build.0 = Release|Any CPU
	EndGlobalSection
	GlobalSection(SolutionProperties) = preSolution
		HideSolutionNode = FALSE
	EndGlobalSection
	GlobalSection(ExtensibilityGlobals) = postSolution
		SolutionGuid = {60DE5E29-ED0C-4ABC-8157-5164FC2066A7}
	EndGlobalSection
EndGlobal
